
Microsoft Visual Studio Solution File, Format Version 12.00
# Visual Studio Version 17
VisualStudioVersion = 17.0.31903.59
MinimumVisualStudioVersion = 10.0.40219.1
Project("{2150E333-8FDC-42A3-9474-1A3956D46DE8}") = "src", "src", "{827E0CD3-B72D-47B6-A68D-7590B98EB39B}"
EndProject
Project("{FAE04EC0-301F-11D3-BF4B-00C04F79EFBC}") = "UCConverter.Domain", "src\UCConverter.Domain\UCConverter.Domain.csproj", "{CF2F7E7E-5D9C-46A2-9709-85D4EA11C866}"
EndProject
Project("{FAE04EC0-301F-11D3-BF4B-00C04F79EFBC}") = "UCConverter.Application", "src\UCConverter.Application\UCConverter.Application.csproj", "{DE82DAD1-B283-455F-B160-1BD9FEAE6DAF}"
EndProject
Project("{FAE04EC0-301F-11D3-BF4B-00C04F79EFBC}") = "UCConverter.Infrastructure", "src\UCConverter.Infrastructure\UCConverter.Infrastructure.csproj", "{04C0F542-B530-4471-8B2C-653A9A10F34A}"
EndProject
Project("{FAE04EC0-301F-11D3-BF4B-00C04F79EFBC}") = "UCConverter.Api", "src\UCConverter.Api\UCConverter.Api.csproj", "{BDCD802B-39D6-42D8-9F7D-6F9E41302FE7}"
EndProject
Project("{2150E333-8FDC-42A3-9474-1A3956D46DE8}") = "tests", "tests", "{0AB3BF05-4346-4AA6-1389-037BE0695223}"
EndProject
Project("{FAE04EC0-301F-11D3-BF4B-00C04F79EFBC}") = "UCConverter.Domain.Tests", "tests\UCConverter.Domain.Tests\UCConverter.Domain.Tests.csproj", "{2D259C06-8790-43D0-A898-B3C59389B8A0}"
EndProject
Project("{FAE04EC0-301F-11D3-BF4B-00C04F79EFBC}") = "UCConverter.Application.Tests", "tests\UCConverter.Application.Tests\UCConverter.Application.Tests.csproj", "{26957331-1385-4AAD-828E-4A5314D37F07}"
EndProject
Project("{FAE04EC0-301F-11D3-BF4B-00C04F79EFBC}") = "UCConverter.Infrastructure.Tests", "tests\UCConverter.Infrastructure.Tests\UCConverter.Infrastructure.Tests.csproj", "{B9D07B93-1F7C-492F-AAAD-69248429995B}"
EndProject
Project("{FAE04EC0-301F-11D3-BF4B-00C04F79EFBC}") = "UCConverter.Api.Tests", "tests\UCConverter.Api.Tests\UCConverter.Api.Tests.csproj", "{F6A7AA77-0354-4E5F-86C6-B726671BF555}"
EndProject
Project("{FAE04EC0-301F-11D3-BF4B-00C04F79EFBC}") = "UCConverter.IntegrationTests", "tests\UCConverter.IntegrationTests\UCConverter.IntegrationTests.csproj", "{2DDE261A-6339-4742-BF9B-25D630D0E7C3}"
EndProject
Global
	GlobalSection(SolutionConfigurationPlatforms) = preSolution
		Debug|Any CPU = Debug|Any CPU
		Debug|x64 = Debug|x64
		Debug|x86 = Debug|x86
		Release|Any CPU = Release|Any CPU
		Release|x64 = Release|x64
		Release|x86 = Release|x86
	EndGlobalSection
	GlobalSection(ProjectConfigurationPlatforms) = postSolution
		{CF2F7E7E-5D9C-46A2-9709-85D4EA11C866}.Debug|Any CPU.ActiveCfg = Debug|Any CPU
		{CF2F7E7E-5D9C-46A2-9709-85D4EA11C866}.Debug|Any CPU.Build.0 = Debug|Any CPU
		{CF2F7E7E-5D9C-46A2-9709-85D4EA11C866}.Debug|x64.ActiveCfg = Debug|Any CPU
		{CF2F7E7E-5D9C-46A2-9709-85D4EA11C866}.Debug|x64.Build.0 = Debug|Any CPU
		{CF2F7E7E-5D9C-46A2-9709-85D4EA11C866}.Debug|x86.ActiveCfg = Debug|Any CPU
		{CF2F7E7E-5D9C-46A2-9709-85D4EA11C866}.Debug|x86.Build.0 = Debug|Any CPU
		{CF2F7E7E-5D9C-46A2-9709-85D4EA11C866}.Release|Any CPU.ActiveCfg = Release|Any CPU
		{CF2F7E7E-5D9C-46A2-9709-85D4EA11C866}.Release|Any CPU.Build.0 = Release|Any CPU
		{CF2F7E7E-5D9C-46A2-9709-85D4EA11C866}.Release|x64.ActiveCfg = Release|Any CPU
		{CF2F7E7E-5D9C-46A2-9709-85D4EA11C866}.Release|x64.Build.0 = Release|Any CPU
		{CF2F7E7E-5D9C-46A2-9709-85D4EA11C866}.Release|x86.ActiveCfg = Release|Any CPU
		{CF2F7E7E-5D9C-46A2-9709-85D4EA11C866}.Release|x86.Build.0 = Release|Any CPU
		{DE82DAD1-B283-455F-B160-1BD9FEAE6DAF}.Debug|Any CPU.ActiveCfg = Debug|Any CPU
		{DE82DAD1-B283-455F-B160-1BD9FEAE6DAF}.Debug|Any CPU.Build.0 = Debug|Any CPU
		{DE82DAD1-B283-455F-B160-1BD9FEAE6DAF}.Debug|x64.ActiveCfg = Debug|Any CPU
		{DE82DAD1-B283-455F-B160-1BD9FEAE6DAF}.Debug|x64.Build.0 = Debug|Any CPU
		{DE82DAD1-B283-455F-B160-1BD9FEAE6DAF}.Debug|x86.ActiveCfg = Debug|Any CPU
		{DE82DAD1-B283-455F-B160-1BD9FEAE6DAF}.Debug|x86.Build.0 = Debug|Any CPU
		{DE82DAD1-B283-455F-B160-1BD9FEAE6DAF}.Release|Any CPU.ActiveCfg = Release|Any CPU
		{DE82DAD1-B283-455F-B160-1BD9FEAE6DAF}.Release|Any CPU.Build.0 = Release|Any CPU
		{DE82DAD1-B283-455F-B160-1BD9FEAE6DAF}.Release|x64.ActiveCfg = Release|Any CPU
		{DE82DAD1-B283-455F-B160-1BD9FEAE6DAF}.Release|x64.Build.0 = Release|Any CPU
		{DE82DAD1-B283-455F-B160-1BD9FEAE6DAF}.Release|x86.ActiveCfg = Release|Any CPU
		{DE82DAD1-B283-455F-B160-1BD9FEAE6DAF}.Release|x86.Build.0 = Release|Any CPU
		{04C0F542-B530-4471-8B2C-653A9A10F34A}.Debug|Any CPU.ActiveCfg = Debug|Any CPU
		{04C0F542-B530-4471-8B2C-653A9A10F34A}.Debug|Any CPU.Build.0 = Debug|Any CPU
		{04C0F542-B530-4471-8B2C-653A9A10F34A}.Debug|x64.ActiveCfg = Debug|Any CPU
		{04C0F542-B530-4471-8B2C-653A9A10F34A}.Debug|x64.Build.0 = Debug|Any CPU
		{04C0F542-B530-4471-8B2C-653A9A10F34A}.Debug|x86.ActiveCfg = Debug|Any CPU
		{04C0F542-B530-4471-8B2C-653A9A10F34A}.Debug|x86.Build.0 = Debug|Any CPU
		{04C0F542-B530-4471-8B2C-653A9A10F34A}.Release|Any CPU.ActiveCfg = Release|Any CPU
		{04C0F542-B530-4471-8B2C-653A9A10F34A}.Release|Any CPU.Build.0 = Release|Any CPU
		{04C0F542-B530-4471-8B2C-653A9A10F34A}.Release|x64.ActiveCfg = Release|Any CPU
		{04C0F542-B530-4471-8B2C-653A9A10F34A}.Release|x64.Build.0 = Release|Any CPU
		{04C0F542-B530-4471-8B2C-653A9A10F34A}.Release|x86.ActiveCfg = Release|Any CPU
		{04C0F542-B530-4471-8B2C-653A9A10F34A}.Release|x86.Build.0 = Release|Any CPU
		{BDCD802B-39D6-42D8-9F7D-6F9E41302FE7}.Debug|Any CPU.ActiveCfg = Debug|Any CPU
		{BDCD802B-39D6-42D8-9F7D-6F9E41302FE7}.Debug|Any CPU.Build.0 = Debug|Any CPU
		{BDCD802B-39D6-42D8-9F7D-6F9E41302FE7}.Debug|x64.ActiveCfg = Debug|Any CPU
		{BDCD802B-39D6-42D8-9F7D-6F9E41302FE7}.Debug|x64.Build.0 = Debug|Any CPU
		{BDCD802B-39D6-42D8-9F7D-6F9E41302FE7}.Debug|x86.ActiveCfg = Debug|Any CPU
		{BDCD802B-39D6-42D8-9F7D-6F9E41302FE7}.Debug|x86.Build.0 = Debug|Any CPU
		{BDCD802B-39D6-42D8-9F7D-6F9E41302FE7}.Release|Any CPU.ActiveCfg = Release|Any CPU
		{BDCD802B-39D6-42D8-9F7D-6F9E41302FE7}.Release|Any CPU.Build.0 = Release|Any CPU
		{BDCD802B-39D6-42D8-9F7D-6F9E41302FE7}.Release|x64.ActiveCfg = Release|Any CPU
		{BDCD802B-39D6-42D8-9F7D-6F9E41302FE7}.Release|x64.Build.0 = Release|Any CPU
		{BDCD802B-39D6-42D8-9F7D-6F9E41302FE7}.Release|x86.ActiveCfg = Release|Any CPU
		{BDCD802B-39D6-42D8-9F7D-6F9E41302FE7}.Release|x86.Build.0 = Release|Any CPU
		{2D259C06-8790-43D0-A898-B3C59389B8A0}.Debug|Any CPU.ActiveCfg = Debug|Any CPU
		{2D259C06-8790-43D0-A898-B3C59389B8A0}.Debug|Any CPU.Build.0 = Debug|Any CPU
		{2D259C06-8790-43D0-A898-B3C59389B8A0}.Debug|x64.ActiveCfg = Debug|Any CPU
		{2D259C06-8790-43D0-A898-B3C59389B8A0}.Debug|x64.Build.0 = Debug|Any CPU
		{2D259C06-8790-43D0-A898-B3C59389B8A0}.Debug|x86.ActiveCfg = Debug|Any CPU
		{2D259C06-8790-43D0-A898-B3C59389B8A0}.Debug|x86.Build.0 = Debug|Any CPU
		{2D259C06-8790-43D0-A898-B3C59389B8A0}.Release|Any CPU.ActiveCfg = Release|Any CPU
		{2D259C06-8790-43D0-A898-B3C59389B8A0}.Release|Any CPU.Build.0 = Release|Any CPU
		{2D259C06-8790-43D0-A898-B3C59389B8A0}.Release|x64.ActiveCfg = Release|Any CPU
		{2D259C06-8790-43D0-A898-B3C59389B8A0}.Release|x64.Build.0 = Release|Any CPU
		{2D259C06-8790-43D0-A898-B3C59389B8A0}.Release|x86.ActiveCfg = Release|Any CPU
		{2D259C06-8790-43D0-A898-B3C59389B8A0}.Release|x86.Build.0 = Release|Any CPU
		{26957331-1385-4AAD-828E-4A5314D37F07}.Debug|Any CPU.ActiveCfg = Debug|Any CPU
		{26957331-1385-4AAD-828E-4A5314D37F07}.Debug|Any CPU.Build.0 = Debug|Any CPU
		{26957331-1385-4AAD-828E-4A5314D37F07}.Debug|x64.ActiveCfg = Debug|Any CPU
		{26957331-1385-4AAD-828E-4A5314D37F07}.Debug|x64.Build.0 = Debug|Any CPU
		{26957331-1385-4AAD-828E-4A5314D37F07}.Debug|x86.ActiveCfg = Debug|Any CPU
		{26957331-1385-4AAD-828E-4A5314D37F07}.Debug|x86.Build.0 = Debug|Any CPU
		{26957331-1385-4AAD-828E-4A5314D37F07}.Release|Any CPU.ActiveCfg = Release|Any CPU
		{26957331-1385-4AAD-828E-4A5314D37F07}.Release|Any CPU.Build.0 = Release|Any CPU
		{26957331-1385-4AAD-828E-4A5314D37F07}.Release|x64.ActiveCfg = Release|Any CPU
		{26957331-1385-4AAD-828E-4A5314D37F07}.Release|x64.Build.0 = Release|Any CPU
		{26957331-1385-4AAD-828E-4A5314D37F07}.Release|x86.ActiveCfg = Release|Any CPU
		{26957331-1385-4AAD-828E-4A5314D37F07}.Release|x86.Build.0 = Release|Any CPU
		{B9D07B93-1F7C-492F-AAAD-69248429995B}.Debug|Any CPU.ActiveCfg = Debug|Any CPU
		{B9D07B93-1F7C-492F-AAAD-69248429995B}.Debug|Any CPU.Build.0 = Debug|Any CPU
		{B9D07B93-1F7C-492F-AAAD-69248429995B}.Debug|x64.ActiveCfg = Debug|Any CPU
		{B9D07B93-1F7C-492F-AAAD-69248429995B}.Debug|x64.Build.0 = Debug|Any CPU
		{B9D07B93-1F7C-492F-AAAD-69248429995B}.Debug|x86.ActiveCfg = Debug|Any CPU
		{B9D07B93-1F7C-492F-AAAD-69248429995B}.Debug|x86.Build.0 = Debug|Any CPU
		{B9D07B93-1F7C-492F-AAAD-69248429995B}.Release|Any CPU.ActiveCfg = Release|Any CPU
		{B9D07B93-1F7C-492F-AAAD-69248429995B}.Release|Any CPU.Build.0 = Release|Any CPU
		{B9D07B93-1F7C-492F-AAAD-69248429995B}.Release|x64.ActiveCfg = Release|Any CPU
		{B9D07B93-1F7C-492F-AAAD-69248429995B}.Release|x64.Build.0 = Release|Any CPU
		{B9D07B93-1F7C-492F-AAAD-69248429995B}.Release|x86.ActiveCfg = Release|Any CPU
		{B9D07B93-1F7C-492F-AAAD-69248429995B}.Release|x86.Build.0 = Release|Any CPU
		{F6A7AA77-0354-4E5F-86C6-B726671BF555}.Debug|Any CPU.ActiveCfg = Debug|Any CPU
		{F6A7AA77-0354-4E5F-86C6-B726671BF555}.Debug|Any CPU.Build.0 = Debug|Any CPU
		{F6A7AA77-0354-4E5F-86C6-B726671BF555}.Debug|x64.ActiveCfg = Debug|Any CPU
		{F6A7AA77-0354-4E5F-86C6-B726671BF555}.Debug|x64.Build.0 = Debug|Any CPU
		{F6A7AA77-0354-4E5F-86C6-B726671BF555}.Debug|x86.ActiveCfg = Debug|Any CPU
		{F6A7AA77-0354-4E5F-86C6-B726671BF555}.Debug|x86.Build.0 = Debug|Any CPU
		{F6A7AA77-0354-4E5F-86C6-B726671BF555}.Release|Any CPU.ActiveCfg = Release|Any CPU
		{F6A7AA77-0354-4E5F-86C6-B726671BF555}.Release|Any CPU.Build.0 = Release|Any CPU
		{F6A7AA77-0354-4E5F-86C6-B726671BF555}.Release|x64.ActiveCfg = Release|Any CPU
		{F6A7AA77-0354-4E5F-86C6-B726671BF555}.Release|x64.Build.0 = Release|Any CPU
		{F6A7AA77-0354-4E5F-86C6-B726671BF555}.Release|x86.ActiveCfg = Release|Any CPU
		{F6A7AA77-0354-4E5F-86C6-B726671BF555}.Release|x86.Build.0 = Release|Any CPU
		{2DDE261A-6339-4742-BF9B-25D630D0E7C3}.Debug|Any CPU.ActiveCfg = Debug|Any CPU
		{2DDE261A-6339-4742-BF9B-25D630D0E7C3}.Debug|Any CPU.Build.0 = Debug|Any CPU
		{2DDE261A-6339-4742-BF9B-25D630D0E7C3}.Debug|x64.ActiveCfg = Debug|Any CPU
		{2DDE261A-6339-4742-BF9B-25D630D0E7C3}.Debug|x64.Build.0 = Debug|Any CPU
		{2DDE261A-6339-4742-BF9B-25D630D0E7C3}.Debug|x86.ActiveCfg = Debug|Any CPU
		{2DDE261A-6339-4742-BF9B-25D630D0E7C3}.Debug|x86.Build.0 = Debug|Any CPU
		{2DDE261A-6339-4742-BF9B-25D630D0E7C3}.Release|Any CPU.ActiveCfg = Release|Any CPU
		{2DDE261A-6339-4742-BF9B-25D630D0E7C3}.Release|Any CPU.Build.0 = Release|Any CPU
		{2DDE261A-6339-4742-BF9B-25D630D0E7C3}.Release|x64.ActiveCfg = Release|Any CPU
		{2DDE261A-6339-4742-BF9B-25D630D0E7C3}.Release|x64.Build.0 = Release|Any CPU
		{2DDE261A-6339-4742-BF9B-25D630D0E7C3}.Release|x86.ActiveCfg = Release|Any CPU
		{2DDE261A-6339-4742-BF9B-25D630D0E7C3}.Release|x86.Build.0 = Release|Any CPU
	EndGlobalSection
	GlobalSection(SolutionProperties) = preSolution
		HideSolutionNode = FALSE
	EndGlobalSection
	GlobalSection(NestedProjects) = preSolution
		{CF2F7E7E-5D9C-46A2-9709-85D4EA11C866} = {827E0CD3-B72D-47B6-A68D-7590B98EB39B}
		{DE82DAD1-B283-455F-B160-1BD9FEAE6DAF} = {827E0CD3-B72D-47B6-A68D-7590B98EB39B}
		{04C0F542-B530-4471-8B2C-653A9A10F34A} = {827E0CD3-B72D-47B6-A68D-7590B98EB39B}
		{BDCD802B-39D6-42D8-9F7D-6F9E41302FE7} = {827E0CD3-B72D-47B6-A68D-7590B98EB39B}
		{2D259C06-8790-43D0-A898-B3C59389B8A0} = {0AB3BF05-4346-4AA6-1389-037BE0695223}
		{26957331-1385-4AAD-828E-4A5314D37F07} = {0AB3BF05-4346-4AA6-1389-037BE0695223}
		{B9D07B93-1F7C-492F-AAAD-69248429995B} = {0AB3BF05-4346-4AA6-1389-037BE0695223}
		{F6A7AA77-0354-4E5F-86C6-B726671BF555} = {0AB3BF05-4346-4AA6-1389-037BE0695223}
		{2DDE261A-6339-4742-BF9B-25D630D0E7C3} = {0AB3BF05-4346-4AA6-1389-037BE0695223}
	EndGlobalSection
EndGlobal
